
Microsoft Visual Studio Solution File, Format Version 12.00
# Visual Studio Version 17
VisualStudioVersion = 17.9.34701.34
MinimumVisualStudioVersion = 10.0.40219.1
Project("{2150E333-8FDC-42A3-9474-1A3956D46DE8}") = "src", "src", "{1F1D5F3C-4D9B-4CF9-B801-D01A1611ABC9}"
EndProject
Project("{2150E333-8FDC-42A3-9474-1A3956D46DE8}") = "samples", "samples", "{4A265F1D-F91B-486C-9CC7-FB9C5117E72A}"
EndProject
Project("{9A19103F-16F7-4668-BE54-9A1E7A4F7556}") = "Manuela", "src\Manuela\Manuela.csproj", "{2BFBDFA7-1F69-43E0-B5D4-CCDCB59F9E4A}"
EndProject
Project("{2150E333-8FDC-42A3-9474-1A3956D46DE8}") = "Solution Items", "Solution Items", "{41E2AA0C-50F7-429B-81D6-6F6B5A60DA06}"
	ProjectSection(SolutionItems) = preProject
		.editorconfig = .editorconfig
	EndProjectSection
EndProject
Project("{9A19103F-16F7-4668-BE54-9A1E7A4F7556}") = "Manuela.Generation", "src\Manuela.Generation\Manuela.Generation.csproj", "{3E3CEB46-0128-4498-B56A-FF92F4A60600}"
EndProject
Project("{9A19103F-16F7-4668-BE54-9A1E7A4F7556}") = "Gallery", "samples\Gallery\Gallery.csproj", "{3041479F-7ECF-4C07-B2CC-DA3E8FCBF67A}"
EndProject
Project("{2150E333-8FDC-42A3-9474-1A3956D46DE8}") = "templates", "templates", "{AB55780F-55B0-445F-B2A8-0F6673FFEDC5}"
EndProject
Project("{9A19103F-16F7-4668-BE54-9A1E7A4F7556}") = "EmptyApp", "templates\content\EmptyApp\EmptyApp.csproj", "{D77AA406-3C7B-48B9-9115-FF1AA9D42611}"
EndProject
Project("{9A19103F-16F7-4668-BE54-9A1E7A4F7556}") = "HybridMauiTemplate", "templates\content\HybridMauiTemplate\HybridMauiTemplate.csproj", "{6BFDDBA1-1F84-4392-A18E-2959663662BD}"
EndProject
Project("{9A19103F-16F7-4668-BE54-9A1E7A4F7556}") = "ManuelaAppTemplate", "templates\content\ManuelaAppTemplate\ManuelaAppTemplate.csproj", "{BEC8853B-F4EA-4844-82FC-3CE51295AACF}"
EndProject
Project("{9A19103F-16F7-4668-BE54-9A1E7A4F7556}") = "SideMenuMauiApp", "templates\content\SideMenuMauiApp\SideMenuMauiApp.csproj", "{0BA7B33F-A1D9-47BA-9607-DAC4BF01847C}"
EndProject
Project("{9A19103F-16F7-4668-BE54-9A1E7A4F7556}") = "Compare", "samples\Compare\Compare.csproj", "{493017E3-8C3B-4B89-AEF9-91AF9076F845}"
EndProject
Project("{FAE04EC0-301F-11D3-BF4B-00C04F79EFBC}") = "Manuela.Forms", "src\Manuela.Forms\Manuela.Forms.csproj", "{89B53BC0-DA42-4E43-A141-B213C625E429}"
EndProject
Global
	GlobalSection(SolutionConfigurationPlatforms) = preSolution
		Debug|Any CPU = Debug|Any CPU
		Release|Any CPU = Release|Any CPU
	EndGlobalSection
	GlobalSection(ProjectConfigurationPlatforms) = postSolution
		{2BFBDFA7-1F69-43E0-B5D4-CCDCB59F9E4A}.Debug|Any CPU.ActiveCfg = Debug|Any CPU
		{2BFBDFA7-1F69-43E0-B5D4-CCDCB59F9E4A}.Debug|Any CPU.Build.0 = Debug|Any CPU
		{2BFBDFA7-1F69-43E0-B5D4-CCDCB59F9E4A}.Release|Any CPU.ActiveCfg = Release|Any CPU
		{2BFBDFA7-1F69-43E0-B5D4-CCDCB59F9E4A}.Release|Any CPU.Build.0 = Release|Any CPU
		{3E3CEB46-0128-4498-B56A-FF92F4A60600}.Debug|Any CPU.ActiveCfg = Debug|Any CPU
		{3E3CEB46-0128-4498-B56A-FF92F4A60600}.Debug|Any CPU.Build.0 = Debug|Any CPU
		{3E3CEB46-0128-4498-B56A-FF92F4A60600}.Release|Any CPU.ActiveCfg = Release|Any CPU
		{3E3CEB46-0128-4498-B56A-FF92F4A60600}.Release|Any CPU.Build.0 = Release|Any CPU
		{3041479F-7ECF-4C07-B2CC-DA3E8FCBF67A}.Debug|Any CPU.ActiveCfg = Debug|Any CPU
		{3041479F-7ECF-4C07-B2CC-DA3E8FCBF67A}.Debug|Any CPU.Build.0 = Debug|Any CPU
		{3041479F-7ECF-4C07-B2CC-DA3E8FCBF67A}.Debug|Any CPU.Deploy.0 = Debug|Any CPU
		{3041479F-7ECF-4C07-B2CC-DA3E8FCBF67A}.Release|Any CPU.ActiveCfg = Release|Any CPU
		{3041479F-7ECF-4C07-B2CC-DA3E8FCBF67A}.Release|Any CPU.Build.0 = Release|Any CPU
		{3041479F-7ECF-4C07-B2CC-DA3E8FCBF67A}.Release|Any CPU.Deploy.0 = Release|Any CPU
		{D77AA406-3C7B-48B9-9115-FF1AA9D42611}.Debug|Any CPU.ActiveCfg = Debug|Any CPU
		{D77AA406-3C7B-48B9-9115-FF1AA9D42611}.Debug|Any CPU.Build.0 = Debug|Any CPU
		{D77AA406-3C7B-48B9-9115-FF1AA9D42611}.Debug|Any CPU.Deploy.0 = Debug|Any CPU
		{D77AA406-3C7B-48B9-9115-FF1AA9D42611}.Release|Any CPU.ActiveCfg = Release|Any CPU
		{D77AA406-3C7B-48B9-9115-FF1AA9D42611}.Release|Any CPU.Build.0 = Release|Any CPU
		{D77AA406-3C7B-48B9-9115-FF1AA9D42611}.Release|Any CPU.Deploy.0 = Release|Any CPU
		{6BFDDBA1-1F84-4392-A18E-2959663662BD}.Debug|Any CPU.ActiveCfg = Debug|Any CPU
		{6BFDDBA1-1F84-4392-A18E-2959663662BD}.Debug|Any CPU.Build.0 = Debug|Any CPU
		{6BFDDBA1-1F84-4392-A18E-2959663662BD}.Debug|Any CPU.Deploy.0 = Debug|Any CPU
		{6BFDDBA1-1F84-4392-A18E-2959663662BD}.Release|Any CPU.ActiveCfg = Release|Any CPU
		{6BFDDBA1-1F84-4392-A18E-2959663662BD}.Release|Any CPU.Build.0 = Release|Any CPU
		{6BFDDBA1-1F84-4392-A18E-2959663662BD}.Release|Any CPU.Deploy.0 = Release|Any CPU
		{BEC8853B-F4EA-4844-82FC-3CE51295AACF}.Debug|Any CPU.ActiveCfg = Debug|Any CPU
		{BEC8853B-F4EA-4844-82FC-3CE51295AACF}.Debug|Any CPU.Build.0 = Debug|Any CPU
		{BEC8853B-F4EA-4844-82FC-3CE51295AACF}.Debug|Any CPU.Deploy.0 = Debug|Any CPU
		{BEC8853B-F4EA-4844-82FC-3CE51295AACF}.Release|Any CPU.ActiveCfg = Release|Any CPU
		{BEC8853B-F4EA-4844-82FC-3CE51295AACF}.Release|Any CPU.Build.0 = Release|Any CPU
		{BEC8853B-F4EA-4844-82FC-3CE51295AACF}.Release|Any CPU.Deploy.0 = Release|Any CPU
		{0BA7B33F-A1D9-47BA-9607-DAC4BF01847C}.Debug|Any CPU.ActiveCfg = Debug|Any CPU
		{0BA7B33F-A1D9-47BA-9607-DAC4BF01847C}.Debug|Any CPU.Build.0 = Debug|Any CPU
		{0BA7B33F-A1D9-47BA-9607-DAC4BF01847C}.Debug|Any CPU.Deploy.0 = Debug|Any CPU
		{0BA7B33F-A1D9-47BA-9607-DAC4BF01847C}.Release|Any CPU.ActiveCfg = Release|Any CPU
		{0BA7B33F-A1D9-47BA-9607-DAC4BF01847C}.Release|Any CPU.Build.0 = Release|Any CPU
		{0BA7B33F-A1D9-47BA-9607-DAC4BF01847C}.Release|Any CPU.Deploy.0 = Release|Any CPU
		{493017E3-8C3B-4B89-AEF9-91AF9076F845}.Debug|Any CPU.ActiveCfg = Debug|Any CPU
		{493017E3-8C3B-4B89-AEF9-91AF9076F845}.Debug|Any CPU.Build.0 = Debug|Any CPU
		{493017E3-8C3B-4B89-AEF9-91AF9076F845}.Debug|Any CPU.Deploy.0 = Debug|Any CPU
		{493017E3-8C3B-4B89-AEF9-91AF9076F845}.Release|Any CPU.ActiveCfg = Release|Any CPU
		{493017E3-8C3B-4B89-AEF9-91AF9076F845}.Release|Any CPU.Build.0 = Release|Any CPU
		{493017E3-8C3B-4B89-AEF9-91AF9076F845}.Release|Any CPU.Deploy.0 = Release|Any CPU
		{89B53BC0-DA42-4E43-A141-B213C625E429}.Debug|Any CPU.ActiveCfg = Debug|Any CPU
		{89B53BC0-DA42-4E43-A141-B213C625E429}.Debug|Any CPU.Build.0 = Debug|Any CPU
		{89B53BC0-DA42-4E43-A141-B213C625E429}.Release|Any CPU.ActiveCfg = Release|Any CPU
		{89B53BC0-DA42-4E43-A141-B213C625E429}.Release|Any CPU.Build.0 = Release|Any CPU
	EndGlobalSection
	GlobalSection(SolutionProperties) = preSolution
		HideSolutionNode = FALSE
	EndGlobalSection
	GlobalSection(NestedProjects) = preSolution
		{2BFBDFA7-1F69-43E0-B5D4-CCDCB59F9E4A} = {1F1D5F3C-4D9B-4CF9-B801-D01A1611ABC9}
		{3E3CEB46-0128-4498-B56A-FF92F4A60600} = {1F1D5F3C-4D9B-4CF9-B801-D01A1611ABC9}
		{3041479F-7ECF-4C07-B2CC-DA3E8FCBF67A} = {4A265F1D-F91B-486C-9CC7-FB9C5117E72A}
		{D77AA406-3C7B-48B9-9115-FF1AA9D42611} = {AB55780F-55B0-445F-B2A8-0F6673FFEDC5}
		{6BFDDBA1-1F84-4392-A18E-2959663662BD} = {AB55780F-55B0-445F-B2A8-0F6673FFEDC5}
		{BEC8853B-F4EA-4844-82FC-3CE51295AACF} = {AB55780F-55B0-445F-B2A8-0F6673FFEDC5}
		{0BA7B33F-A1D9-47BA-9607-DAC4BF01847C} = {AB55780F-55B0-445F-B2A8-0F6673FFEDC5}
		{493017E3-8C3B-4B89-AEF9-91AF9076F845} = {4A265F1D-F91B-486C-9CC7-FB9C5117E72A}
		{89B53BC0-DA42-4E43-A141-B213C625E429} = {1F1D5F3C-4D9B-4CF9-B801-D01A1611ABC9}
	EndGlobalSection
	GlobalSection(ExtensibilityGlobals) = postSolution
		SolutionGuid = {304FB10D-E254-4A43-8226-1A6DCFBD6C66}
	EndGlobalSection
EndGlobal
